// !$*UTF8*$!
{
	archiveVersion = 1;
	classes = {
	};
	objectVersion = 55;
	objects = {

/* Begin PBXBuildFile section */
		202117E828915D8600116E0B /* LaEventsApp.swift in Sources */ = {isa = PBXBuildFile; fileRef = 202117E728915D8600116E0B /* LaEventsApp.swift */; };
		202117EA28915D8600116E0B /* EventsView.swift in Sources */ = {isa = PBXBuildFile; fileRef = 202117E928915D8600116E0B /* EventsView.swift */; };
		202117EC28915D8900116E0B /* Assets.xcassets in Resources */ = {isa = PBXBuildFile; fileRef = 202117EB28915D8900116E0B /* Assets.xcassets */; };
		202117EF28915D8900116E0B /* Preview Assets.xcassets in Resources */ = {isa = PBXBuildFile; fileRef = 202117EE28915D8900116E0B /* Preview Assets.xcassets */; };
		202117F72891681500116E0B /* events.json in Resources */ = {isa = PBXBuildFile; fileRef = 202117F62891681500116E0B /* events.json */; };
		202117F9289170BB00116E0B /* FileClient.swift in Sources */ = {isa = PBXBuildFile; fileRef = 202117F8289170BB00116E0B /* FileClient.swift */; };
		202117FB2891772B00116E0B /* ChildConcert.swift in Sources */ = {isa = PBXBuildFile; fileRef = 202117FA2891772B00116E0B /* ChildConcert.swift */; };
		204BF6F0289AA3CC00607CB6 /* EventRow.swift in Sources */ = {isa = PBXBuildFile; fileRef = 204BF6EF289AA3CC00607CB6 /* EventRow.swift */; };
		2095A9F22893EBB1003A9F1C /* LaEventsTests.swift in Sources */ = {isa = PBXBuildFile; fileRef = 2095A9F12893EBB1003A9F1C /* LaEventsTests.swift */; };
		2095A9F92893F1EA003A9F1C /* EventCategory.swift in Sources */ = {isa = PBXBuildFile; fileRef = 2095A9F82893F1EA003A9F1C /* EventCategory.swift */; };
/* End PBXBuildFile section */

/* Begin PBXContainerItemProxy section */
		2095A9F32893EBB1003A9F1C /* PBXContainerItemProxy */ = {
			isa = PBXContainerItemProxy;
			containerPortal = 202117DC28915D8600116E0B /* Project object */;
			proxyType = 1;
			remoteGlobalIDString = 202117E328915D8600116E0B;
			remoteInfo = LaEvents;
		};
/* End PBXContainerItemProxy section */

/* Begin PBXFileReference section */
		202117E428915D8600116E0B /* LaEvents.app */ = {isa = PBXFileReference; explicitFileType = wrapper.application; includeInIndex = 0; path = LaEvents.app; sourceTree = BUILT_PRODUCTS_DIR; };
		202117E728915D8600116E0B /* LaEventsApp.swift */ = {isa = PBXFileReference; lastKnownFileType = sourcecode.swift; path = LaEventsApp.swift; sourceTree = "<group>"; };
		202117E928915D8600116E0B /* EventsView.swift */ = {isa = PBXFileReference; lastKnownFileType = sourcecode.swift; path = EventsView.swift; sourceTree = "<group>"; };
		202117EB28915D8900116E0B /* Assets.xcassets */ = {isa = PBXFileReference; lastKnownFileType = folder.assetcatalog; path = Assets.xcassets; sourceTree = "<group>"; };
		202117EE28915D8900116E0B /* Preview Assets.xcassets */ = {isa = PBXFileReference; lastKnownFileType = folder.assetcatalog; path = "Preview Assets.xcassets"; sourceTree = "<group>"; };
		202117F528915DC400116E0B /* Playground.playground */ = {isa = PBXFileReference; lastKnownFileType = file.playground; path = Playground.playground; sourceTree = "<group>"; xcLanguageSpecificationIdentifier = xcode.lang.swift; };
		202117F62891681500116E0B /* events.json */ = {isa = PBXFileReference; lastKnownFileType = text.json; path = events.json; sourceTree = "<group>"; };
		202117F8289170BB00116E0B /* FileClient.swift */ = {isa = PBXFileReference; lastKnownFileType = sourcecode.swift; path = FileClient.swift; sourceTree = "<group>"; };
		202117FA2891772B00116E0B /* ChildConcert.swift */ = {isa = PBXFileReference; lastKnownFileType = sourcecode.swift; path = ChildConcert.swift; sourceTree = "<group>"; };
		204BF6EF289AA3CC00607CB6 /* EventRow.swift */ = {isa = PBXFileReference; lastKnownFileType = sourcecode.swift; path = EventRow.swift; sourceTree = "<group>"; };
		2095A9EF2893EBB1003A9F1C /* LaEventsTests.xctest */ = {isa = PBXFileReference; explicitFileType = wrapper.cfbundle; includeInIndex = 0; path = LaEventsTests.xctest; sourceTree = BUILT_PRODUCTS_DIR; };
		2095A9F12893EBB1003A9F1C /* LaEventsTests.swift */ = {isa = PBXFileReference; lastKnownFileType = sourcecode.swift; path = LaEventsTests.swift; sourceTree = "<group>"; };
		2095A9F82893F1EA003A9F1C /* EventCategory.swift */ = {isa = PBXFileReference; lastKnownFileType = sourcecode.swift; path = EventCategory.swift; sourceTree = "<group>"; };
/* End PBXFileReference section */

/* Begin PBXFrameworksBuildPhase section */
		202117E128915D8600116E0B /* Frameworks */ = {
			isa = PBXFrameworksBuildPhase;
			buildActionMask = 2147483647;
			files = (
			);
			runOnlyForDeploymentPostprocessing = 0;
		};
		2095A9EC2893EBB1003A9F1C /* Frameworks */ = {
			isa = PBXFrameworksBuildPhase;
			buildActionMask = 2147483647;
			files = (
			);
			runOnlyForDeploymentPostprocessing = 0;
		};
/* End PBXFrameworksBuildPhase section */

/* Begin PBXGroup section */
		202117DB28915D8600116E0B = {
			isa = PBXGroup;
			children = (
				202117F528915DC400116E0B /* Playground.playground */,
				202117E628915D8600116E0B /* LaEvents */,
				2095A9F02893EBB1003A9F1C /* LaEventsTests */,
				202117E528915D8600116E0B /* Products */,
			);
			sourceTree = "<group>";
		};
		202117E528915D8600116E0B /* Products */ = {
			isa = PBXGroup;
			children = (
				202117E428915D8600116E0B /* LaEvents.app */,
				2095A9EF2893EBB1003A9F1C /* LaEventsTests.xctest */,
			);
			name = Products;
			sourceTree = "<group>";
		};
		202117E628915D8600116E0B /* LaEvents */ = {
			isa = PBXGroup;
			children = (
				2095A9F82893F1EA003A9F1C /* EventCategory.swift */,
				202117F8289170BB00116E0B /* FileClient.swift */,
				202117E728915D8600116E0B /* LaEventsApp.swift */,
				202117E928915D8600116E0B /* EventsView.swift */,
				202117FA2891772B00116E0B /* ChildConcert.swift */,
				204BF6EF289AA3CC00607CB6 /* EventRow.swift */,
				202117EB28915D8900116E0B /* Assets.xcassets */,
				202117ED28915D8900116E0B /* Preview Content */,
			);
			path = LaEvents;
			sourceTree = "<group>";
		};
		202117ED28915D8900116E0B /* Preview Content */ = {
			isa = PBXGroup;
			children = (
				202117EE28915D8900116E0B /* Preview Assets.xcassets */,
				202117F62891681500116E0B /* events.json */,
			);
			path = "Preview Content";
			sourceTree = "<group>";
		};
		2095A9F02893EBB1003A9F1C /* LaEventsTests */ = {
			isa = PBXGroup;
			children = (
				2095A9F12893EBB1003A9F1C /* LaEventsTests.swift */,
			);
			path = LaEventsTests;
			sourceTree = "<group>";
		};
/* End PBXGroup section */

/* Begin PBXNativeTarget section */
		202117E328915D8600116E0B /* LaEvents */ = {
			isa = PBXNativeTarget;
			buildConfigurationList = 202117F228915D8900116E0B /* Build configuration list for PBXNativeTarget "LaEvents" */;
			buildPhases = (
				202117E028915D8600116E0B /* Sources */,
				202117E128915D8600116E0B /* Frameworks */,
				202117E228915D8600116E0B /* Resources */,
			);
			buildRules = (
			);
			dependencies = (
			);
			name = LaEvents;
			productName = LaEvents;
			productReference = 202117E428915D8600116E0B /* LaEvents.app */;
			productType = "com.apple.product-type.application";
		};
		2095A9EE2893EBB1003A9F1C /* LaEventsTests */ = {
			isa = PBXNativeTarget;
			buildConfigurationList = 2095A9F72893EBB1003A9F1C /* Build configuration list for PBXNativeTarget "LaEventsTests" */;
			buildPhases = (
				2095A9EB2893EBB1003A9F1C /* Sources */,
				2095A9EC2893EBB1003A9F1C /* Frameworks */,
				2095A9ED2893EBB1003A9F1C /* Resources */,
			);
			buildRules = (
			);
			dependencies = (
				2095A9F42893EBB1003A9F1C /* PBXTargetDependency */,
			);
			name = LaEventsTests;
			productName = LaEventsTests;
			productReference = 2095A9EF2893EBB1003A9F1C /* LaEventsTests.xctest */;
			productType = "com.apple.product-type.bundle.unit-test";
		};
/* End PBXNativeTarget section */

/* Begin PBXProject section */
		202117DC28915D8600116E0B /* Project object */ = {
			isa = PBXProject;
			attributes = {
				BuildIndependentTargetsInParallel = 1;
				LastSwiftUpdateCheck = 1340;
				LastUpgradeCheck = 1340;
				TargetAttributes = {
					202117E328915D8600116E0B = {
						CreatedOnToolsVersion = 13.4;
					};
					2095A9EE2893EBB1003A9F1C = {
						CreatedOnToolsVersion = 13.4;
						TestTargetID = 202117E328915D8600116E0B;
					};
				};
			};
			buildConfigurationList = 202117DF28915D8600116E0B /* Build configuration list for PBXProject "LaEvents" */;
			compatibilityVersion = "Xcode 13.0";
			developmentRegion = en;
			hasScannedForEncodings = 0;
			knownRegions = (
				en,
				Base,
			);
			mainGroup = 202117DB28915D8600116E0B;
			productRefGroup = 202117E528915D8600116E0B /* Products */;
			projectDirPath = "";
			projectRoot = "";
			targets = (
				202117E328915D8600116E0B /* LaEvents */,
				2095A9EE2893EBB1003A9F1C /* LaEventsTests */,
			);
		};
/* End PBXProject section */

/* Begin PBXResourcesBuildPhase section */
		202117E228915D8600116E0B /* Resources */ = {
			isa = PBXResourcesBuildPhase;
			buildActionMask = 2147483647;
			files = (
				202117EF28915D8900116E0B /* Preview Assets.xcassets in Resources */,
				202117EC28915D8900116E0B /* Assets.xcassets in Resources */,
				202117F72891681500116E0B /* events.json in Resources */,
			);
			runOnlyForDeploymentPostprocessing = 0;
		};
		2095A9ED2893EBB1003A9F1C /* Resources */ = {
			isa = PBXResourcesBuildPhase;
			buildActionMask = 2147483647;
			files = (
			);
			runOnlyForDeploymentPostprocessing = 0;
		};
/* End PBXResourcesBuildPhase section */

/* Begin PBXSourcesBuildPhase section */
		202117E028915D8600116E0B /* Sources */ = {
			isa = PBXSourcesBuildPhase;
			buildActionMask = 2147483647;
			files = (
				2095A9F92893F1EA003A9F1C /* EventCategory.swift in Sources */,
				204BF6F0289AA3CC00607CB6 /* EventRow.swift in Sources */,
				202117EA28915D8600116E0B /* EventsView.swift in Sources */,
				202117F9289170BB00116E0B /* FileClient.swift in Sources */,
				202117E828915D8600116E0B /* LaEventsApp.swift in Sources */,
				202117FB2891772B00116E0B /* ChildConcert.swift in Sources */,
			);
			runOnlyForDeploymentPostprocessing = 0;
		};
		2095A9EB2893EBB1003A9F1C /* Sources */ = {
			isa = PBXSourcesBuildPhase;
			buildActionMask = 2147483647;
			files = (
				2095A9F22893EBB1003A9F1C /* LaEventsTests.swift in Sources */,
			);
			runOnlyForDeploymentPostprocessing = 0;
		};
/* End PBXSourcesBuildPhase section */

/* Begin PBXTargetDependency section */
		2095A9F42893EBB1003A9F1C /* PBXTargetDependency */ = {
			isa = PBXTargetDependency;
			target = 202117E328915D8600116E0B /* LaEvents */;
			targetProxy = 2095A9F32893EBB1003A9F1C /* PBXContainerItemProxy */;
		};
/* End PBXTargetDependency section */

/* Begin XCBuildConfiguration section */
		202117F028915D8900116E0B /* Debug */ = {
			isa = XCBuildConfiguration;
			buildSettings = {
				ALWAYS_SEARCH_USER_PATHS = NO;
				CLANG_ANALYZER_NONNULL = YES;
				CLANG_ANALYZER_NUMBER_OBJECT_CONVERSION = YES_AGGRESSIVE;
				CLANG_CXX_LANGUAGE_STANDARD = "gnu++17";
				CLANG_ENABLE_MODULES = YES;
				CLANG_ENABLE_OBJC_ARC = YES;
				CLANG_ENABLE_OBJC_WEAK = YES;
				CLANG_WARN_BLOCK_CAPTURE_AUTORELEASING = YES;
				CLANG_WARN_BOOL_CONVERSION = YES;
				CLANG_WARN_COMMA = YES;
				CLANG_WARN_CONSTANT_CONVERSION = YES;
				CLANG_WARN_DEPRECATED_OBJC_IMPLEMENTATIONS = YES;
				CLANG_WARN_DIRECT_OBJC_ISA_USAGE = YES_ERROR;
				CLANG_WARN_DOCUMENTATION_COMMENTS = YES;
				CLANG_WARN_EMPTY_BODY = YES;
				CLANG_WARN_ENUM_CONVERSION = YES;
				CLANG_WARN_INFINITE_RECURSION = YES;
				CLANG_WARN_INT_CONVERSION = YES;
				CLANG_WARN_NON_LITERAL_NULL_CONVERSION = YES;
				CLANG_WARN_OBJC_IMPLICIT_RETAIN_SELF = YES;
				CLANG_WARN_OBJC_LITERAL_CONVERSION = YES;
				CLANG_WARN_OBJC_ROOT_CLASS = YES_ERROR;
				CLANG_WARN_QUOTED_INCLUDE_IN_FRAMEWORK_HEADER = YES;
				CLANG_WARN_RANGE_LOOP_ANALYSIS = YES;
				CLANG_WARN_STRICT_PROTOTYPES = YES;
				CLANG_WARN_SUSPICIOUS_MOVE = YES;
				CLANG_WARN_UNGUARDED_AVAILABILITY = YES_AGGRESSIVE;
				CLANG_WARN_UNREACHABLE_CODE = YES;
				CLANG_WARN__DUPLICATE_METHOD_MATCH = YES;
				COPY_PHASE_STRIP = NO;
				DEBUG_INFORMATION_FORMAT = dwarf;
				ENABLE_STRICT_OBJC_MSGSEND = YES;
				ENABLE_TESTABILITY = YES;
				GCC_C_LANGUAGE_STANDARD = gnu11;
				GCC_DYNAMIC_NO_PIC = NO;
				GCC_NO_COMMON_BLOCKS = YES;
				GCC_OPTIMIZATION_LEVEL = 0;
				GCC_PREPROCESSOR_DEFINITIONS = (
					"DEBUG=1",
					"$(inherited)",
				);
				GCC_WARN_64_TO_32_BIT_CONVERSION = YES;
				GCC_WARN_ABOUT_RETURN_TYPE = YES_ERROR;
				GCC_WARN_UNDECLARED_SELECTOR = YES;
				GCC_WARN_UNINITIALIZED_AUTOS = YES_AGGRESSIVE;
				GCC_WARN_UNUSED_FUNCTION = YES;
				GCC_WARN_UNUSED_VARIABLE = YES;
				IPHONEOS_DEPLOYMENT_TARGET = 15.5;
				MTL_ENABLE_DEBUG_INFO = INCLUDE_SOURCE;
				MTL_FAST_MATH = YES;
				ONLY_ACTIVE_ARCH = YES;
				SDKROOT = iphoneos;
				SWIFT_ACTIVE_COMPILATION_CONDITIONS = DEBUG;
				SWIFT_OPTIMIZATION_LEVEL = "-Onone";
			};
			name = Debug;
		};
		202117F128915D8900116E0B /* Release */ = {
			isa = XCBuildConfiguration;
			buildSettings = {
				ALWAYS_SEARCH_USER_PATHS = NO;
				CLANG_ANALYZER_NONNULL = YES;
				CLANG_ANALYZER_NUMBER_OBJECT_CONVERSION = YES_AGGRESSIVE;
				CLANG_CXX_LANGUAGE_STANDARD = "gnu++17";
				CLANG_ENABLE_MODULES = YES;
				CLANG_ENABLE_OBJC_ARC = YES;
				CLANG_ENABLE_OBJC_WEAK = YES;
				CLANG_WARN_BLOCK_CAPTURE_AUTORELEASING = YES;
				CLANG_WARN_BOOL_CONVERSION = YES;
				CLANG_WARN_COMMA = YES;
				CLANG_WARN_CONSTANT_CONVERSION = YES;
				CLANG_WARN_DEPRECATED_OBJC_IMPLEMENTATIONS = YES;
				CLANG_WARN_DIRECT_OBJC_ISA_USAGE = YES_ERROR;
				CLANG_WARN_DOCUMENTATION_COMMENTS = YES;
				CLANG_WARN_EMPTY_BODY = YES;
				CLANG_WARN_ENUM_CONVERSION = YES;
				CLANG_WARN_INFINITE_RECURSION = YES;
				CLANG_WARN_INT_CONVERSION = YES;
				CLANG_WARN_NON_LITERAL_NULL_CONVERSION = YES;
				CLANG_WARN_OBJC_IMPLICIT_RETAIN_SELF = YES;
				CLANG_WARN_OBJC_LITERAL_CONVERSION = YES;
				CLANG_WARN_OBJC_ROOT_CLASS = YES_ERROR;
				CLANG_WARN_QUOTED_INCLUDE_IN_FRAMEWORK_HEADER = YES;
				CLANG_WARN_RANGE_LOOP_ANALYSIS = YES;
				CLANG_WARN_STRICT_PROTOTYPES = YES;
				CLANG_WARN_SUSPICIOUS_MOVE = YES;
				CLANG_WARN_UNGUARDED_AVAILABILITY = YES_AGGRESSIVE;
				CLANG_WARN_UNREACHABLE_CODE = YES;
				CLANG_WARN__DUPLICATE_METHOD_MATCH = YES;
				COPY_PHASE_STRIP = NO;
				DEBUG_INFORMATION_FORMAT = "dwarf-with-dsym";
				ENABLE_NS_ASSERTIONS = NO;
				ENABLE_STRICT_OBJC_MSGSEND = YES;
				GCC_C_LANGUAGE_STANDARD = gnu11;
				GCC_NO_COMMON_BLOCKS = YES;
				GCC_WARN_64_TO_32_BIT_CONVERSION = YES;
				GCC_WARN_ABOUT_RETURN_TYPE = YES_ERROR;
				GCC_WARN_UNDECLARED_SELECTOR = YES;
				GCC_WARN_UNINITIALIZED_AUTOS = YES_AGGRESSIVE;
				GCC_WARN_UNUSED_FUNCTION = YES;
				GCC_WARN_UNUSED_VARIABLE = YES;
				IPHONEOS_DEPLOYMENT_TARGET = 15.5;
				MTL_ENABLE_DEBUG_INFO = NO;
				MTL_FAST_MATH = YES;
				SDKROOT = iphoneos;
				SWIFT_COMPILATION_MODE = wholemodule;
				SWIFT_OPTIMIZATION_LEVEL = "-O";
				VALIDATE_PRODUCT = YES;
			};
			name = Release;
		};
		202117F328915D8900116E0B /* Debug */ = {
			isa = XCBuildConfiguration;
			buildSettings = {
				ASSETCATALOG_COMPILER_APPICON_NAME = AppIcon;
				ASSETCATALOG_COMPILER_GLOBAL_ACCENT_COLOR_NAME = AccentColor;
				CODE_SIGN_STYLE = Automatic;
				CURRENT_PROJECT_VERSION = 1;
				DEVELOPMENT_ASSET_PATHS = "\"LaEvents/Preview Content\"";
				DEVELOPMENT_TEAM = J8A5ZAM5GV;
				ENABLE_PREVIEWS = YES;
				GENERATE_INFOPLIST_FILE = YES;
				INFOPLIST_KEY_UIApplicationSceneManifest_Generation = YES;
				INFOPLIST_KEY_UIApplicationSupportsIndirectInputEvents = YES;
				INFOPLIST_KEY_UILaunchScreen_Generation = YES;
				INFOPLIST_KEY_UISupportedInterfaceOrientations_iPad = "UIInterfaceOrientationPortrait UIInterfaceOrientationPortraitUpsideDown UIInterfaceOrientationLandscapeLeft UIInterfaceOrientationLandscapeRight";
				INFOPLIST_KEY_UISupportedInterfaceOrientations_iPhone = "UIInterfaceOrientationPortrait UIInterfaceOrientationLandscapeLeft UIInterfaceOrientationLandscapeRight";
				LD_RUNPATH_SEARCH_PATHS = (
					"$(inherited)",
					"@executable_path/Frameworks",
				);
				MARKETING_VERSION = 1.0;
				PRODUCT_BUNDLE_IDENTIFIER = com.oluwatobiomotayo.LaEvents;
				PRODUCT_NAME = "$(TARGET_NAME)";
				SWIFT_EMIT_LOC_STRINGS = YES;
				SWIFT_VERSION = 5.0;
				TARGETED_DEVICE_FAMILY = "1,2";
			};
			name = Debug;
		};
		202117F428915D8900116E0B /* Release */ = {
			isa = XCBuildConfiguration;
			buildSettings = {
				ASSETCATALOG_COMPILER_APPICON_NAME = AppIcon;
				ASSETCATALOG_COMPILER_GLOBAL_ACCENT_COLOR_NAME = AccentColor;
				CODE_SIGN_STYLE = Automatic;
				CURRENT_PROJECT_VERSION = 1;
				DEVELOPMENT_ASSET_PATHS = "\"LaEvents/Preview Content\"";
				DEVELOPMENT_TEAM = J8A5ZAM5GV;
				ENABLE_PREVIEWS = YES;
				GENERATE_INFOPLIST_FILE = YES;
				INFOPLIST_KEY_UIApplicationSceneManifest_Generation = YES;
				INFOPLIST_KEY_UIApplicationSupportsIndirectInputEvents = YES;
				INFOPLIST_KEY_UILaunchScreen_Generation = YES;
				INFOPLIST_KEY_UISupportedInterfaceOrientations_iPad = "UIInterfaceOrientationPortrait UIInterfaceOrientationPortraitUpsideDown UIInterfaceOrientationLandscapeLeft UIInterfaceOrientationLandscapeRight";
				INFOPLIST_KEY_UISupportedInterfaceOrientations_iPhone = "UIInterfaceOrientationPortrait UIInterfaceOrientationLandscapeLeft UIInterfaceOrientationLandscapeRight";
				LD_RUNPATH_SEARCH_PATHS = (
					"$(inherited)",
					"@executable_path/Frameworks",
				);
				MARKETING_VERSION = 1.0;
				PRODUCT_BUNDLE_IDENTIFIER = com.oluwatobiomotayo.LaEvents;
				PRODUCT_NAME = "$(TARGET_NAME)";
				SWIFT_EMIT_LOC_STRINGS = YES;
				SWIFT_VERSION = 5.0;
				TARGETED_DEVICE_FAMILY = "1,2";
			};
			name = Release;
		};
		2095A9F52893EBB1003A9F1C /* Debug */ = {
			isa = XCBuildConfiguration;
			buildSettings = {
				BUNDLE_LOADER = "$(TEST_HOST)";
				CODE_SIGN_STYLE = Automatic;
				CURRENT_PROJECT_VERSION = 1;
				DEVELOPMENT_TEAM = J8A5ZAM5GV;
				GENERATE_INFOPLIST_FILE = YES;
				MARKETING_VERSION = 1.0;
				PRODUCT_BUNDLE_IDENTIFIER = com.oluwatobiomotayo.LaEventsTests;
				PRODUCT_NAME = "$(TARGET_NAME)";
				SWIFT_EMIT_LOC_STRINGS = NO;
				SWIFT_VERSION = 5.0;
				TARGETED_DEVICE_FAMILY = "1,2";
				TEST_HOST = "$(BUILT_PRODUCTS_DIR)/LaEvents.app/LaEvents";
			};
			name = Debug;
		};
		2095A9F62893EBB1003A9F1C /* Release */ = {
			isa = XCBuildConfiguration;
			buildSettings = {
				BUNDLE_LOADER = "$(TEST_HOST)";
				CODE_SIGN_STYLE = Automatic;
				CURRENT_PROJECT_VERSION = 1;
				DEVELOPMENT_TEAM = J8A5ZAM5GV;
				GENERATE_INFOPLIST_FILE = YES;
				MARKETING_VERSION = 1.0;
				PRODUCT_BUNDLE_IDENTIFIER = com.oluwatobiomotayo.LaEventsTests;
				PRODUCT_NAME = "$(TARGET_NAME)";
				SWIFT_EMIT_LOC_STRINGS = NO;
				SWIFT_VERSION = 5.0;
				TARGETED_DEVICE_FAMILY = "1,2";
				TEST_HOST = "$(BUILT_PRODUCTS_DIR)/LaEvents.app/LaEvents";
			};
			name = Release;
		};
/* End XCBuildConfiguration section */

/* Begin XCConfigurationList section */
		202117DF28915D8600116E0B /* Build configuration list for PBXProject "LaEvents" */ = {
			isa = XCConfigurationList;
			buildConfigurations = (
				202117F028915D8900116E0B /* Debug */,
				202117F128915D8900116E0B /* Release */,
			);
			defaultConfigurationIsVisible = 0;
			defaultConfigurationName = Release;
		};
		202117F228915D8900116E0B /* Build configuration list for PBXNativeTarget "LaEvents" */ = {
			isa = XCConfigurationList;
			buildConfigurations = (
				202117F328915D8900116E0B /* Debug */,
				202117F428915D8900116E0B /* Release */,
			);
			defaultConfigurationIsVisible = 0;
			defaultConfigurationName = Release;
		};
		2095A9F72893EBB1003A9F1C /* Build configuration list for PBXNativeTarget "LaEventsTests" */ = {
			isa = XCConfigurationList;
			buildConfigurations = (
				2095A9F52893EBB1003A9F1C /* Debug */,
				2095A9F62893EBB1003A9F1C /* Release */,
			);
			defaultConfigurationIsVisible = 0;
			defaultConfigurationName = Release;
		};
/* End XCConfigurationList section */
	};
	rootObject = 202117DC28915D8600116E0B /* Project object */;
}
